
Microsoft Visual Studio Solution File, Format Version 12.00
# Visual Studio 15
VisualStudioVersion = 15.0.28307.572
MinimumVisualStudioVersion = 10.0.40219.1
Project("{2150E333-8FDC-42A3-9474-1A3956D46DE8}") = "Microservices", "Microservices", "{6DD97692-FB1D-4D33-A4C8-9841535750EF}"
EndProject
Project("{2150E333-8FDC-42A3-9474-1A3956D46DE8}") = "Domain", "Domain", "{5A99F492-008A-4C21-904E-C653C2A5FDAB}"
EndProject
Project("{2150E333-8FDC-42A3-9474-1A3956D46DE8}") = "Infa.Bus", "Infa.Bus", "{3A51AFD4-8A30-42C5-AF46-D88D1D8D4628}"
EndProject
Project("{2150E333-8FDC-42A3-9474-1A3956D46DE8}") = "Presentation", "Presentation", "{BA13D948-930F-4874-AA23-AF4AD5B69AC5}"
EndProject
Project("{2150E333-8FDC-42A3-9474-1A3956D46DE8}") = "Infra.IoC", "Infra.IoC", "{C64FEB9B-BC1F-4F25-9C15-1FE4EF6CF9F3}"
EndProject
Project("{FAE04EC0-301F-11D3-BF4B-00C04F79EFBC}") = "MicroRabbit.Domain.Core", "MicroRabbit.Domain.Core\MicroRabbit.Domain.Core.csproj", "{A2094CE5-ED7C-4134-9F99-286E519A3F27}"
EndProject
Global
	GlobalSection(SolutionConfigurationPlatforms) = preSolution
		Debug|Any CPU = Debug|Any CPU
		Release|Any CPU = Release|Any CPU
	EndGlobalSection
	GlobalSection(ProjectConfigurationPlatforms) = postSolution
		{A2094CE5-ED7C-4134-9F99-286E519A3F27}.Debug|Any CPU.ActiveCfg = Debug|Any CPU
		{A2094CE5-ED7C-4134-9F99-286E519A3F27}.Debug|Any CPU.Build.0 = Debug|Any CPU
		{A2094CE5-ED7C-4134-9F99-286E519A3F27}.Release|Any CPU.ActiveCfg = Release|Any CPU
		{A2094CE5-ED7C-4134-9F99-286E519A3F27}.Release|Any CPU.Build.0 = Release|Any CPU
	EndGlobalSection
	GlobalSection(SolutionProperties) = preSolution
		HideSolutionNode = FALSE
	EndGlobalSection
	GlobalSection(NestedProjects) = preSolution
		{A2094CE5-ED7C-4134-9F99-286E519A3F27} = {5A99F492-008A-4C21-904E-C653C2A5FDAB}
	EndGlobalSection
	GlobalSection(ExtensibilityGlobals) = postSolution
		SolutionGuid = {A96DEF0B-A45E-46F8-8181-6BE8589F110E}
	EndGlobalSection
EndGlobal
