
Microsoft Visual Studio Solution File, Format Version 12.00
# Visual Studio 15
VisualStudioVersion = 15.0.28307.572
MinimumVisualStudioVersion = 10.0.40219.1
Project("{2150E333-8FDC-42A3-9474-1A3956D46DE8}") = "Microservices", "Microservices", "{6DD97692-FB1D-4D33-A4C8-9841535750EF}"
EndProject
Project("{2150E333-8FDC-42A3-9474-1A3956D46DE8}") = "Domain", "Domain", "{5A99F492-008A-4C21-904E-C653C2A5FDAB}"
EndProject
Project("{2150E333-8FDC-42A3-9474-1A3956D46DE8}") = "Infa.Bus", "Infa.Bus", "{3A51AFD4-8A30-42C5-AF46-D88D1D8D4628}"
EndProject
Project("{2150E333-8FDC-42A3-9474-1A3956D46DE8}") = "Presentation", "Presentation", "{BA13D948-930F-4874-AA23-AF4AD5B69AC5}"
EndProject
Project("{2150E333-8FDC-42A3-9474-1A3956D46DE8}") = "Infra.IoC", "Infra.IoC", "{C64FEB9B-BC1F-4F25-9C15-1FE4EF6CF9F3}"
EndProject
Project("{FAE04EC0-301F-11D3-BF4B-00C04F79EFBC}") = "MicroRabbit.Domain.Core", "MicroRabbit.Domain.Core\MicroRabbit.Domain.Core.csproj", "{A2094CE5-ED7C-4134-9F99-286E519A3F27}"
EndProject
Project("{FAE04EC0-301F-11D3-BF4B-00C04F79EFBC}") = "MicroRabbit.Infra.Bus", "MicroRabbitInfraBus\MicroRabbit.Infra.Bus.csproj", "{CCF30CF2-C987-4A8D-A1BC-B403D34EA289}"
EndProject
Project("{FAE04EC0-301F-11D3-BF4B-00C04F79EFBC}") = "MicroRabbit.Infra.IoC", "MicroRabbit.Infra.IOC\MicroRabbit.Infra.IoC.csproj", "{05BA325F-956D-4A54-8482-80A0A82D51DB}"
EndProject
Project("{2150E333-8FDC-42A3-9474-1A3956D46DE8}") = "Banking", "Banking", "{4409A0DD-B885-407F-8E8B-81F2FC1033A3}"
EndProject
Project("{2150E333-8FDC-42A3-9474-1A3956D46DE8}") = "Api", "Api", "{B4EF1E52-DC9D-4049-BBD5-591471D27715}"
EndProject
Project("{2150E333-8FDC-42A3-9474-1A3956D46DE8}") = "Domain", "Domain", "{958ECB49-54FB-4659-A33B-5CF3104E33DC}"
EndProject
Project("{2150E333-8FDC-42A3-9474-1A3956D46DE8}") = "Application", "Application", "{D5AC26AF-F264-41E8-9765-71B5B0B9FDD5}"
EndProject
Project("{2150E333-8FDC-42A3-9474-1A3956D46DE8}") = "Data", "Data", "{4CF9524C-C1C8-4322-B2B5-03F57EE82313}"
EndProject
Project("{FAE04EC0-301F-11D3-BF4B-00C04F79EFBC}") = "MicroRabbit.Banking.Api", "MicroRabbit.Banking.Api\MicroRabbit.Banking.Api.csproj", "{115BE77D-1E3F-4E02-8F0C-6A3BD020081C}"
EndProject
Project("{FAE04EC0-301F-11D3-BF4B-00C04F79EFBC}") = "MicroRabbit.Banking.Application", "MicroRabbit.Banking.Application\MicroRabbit.Banking.Application.csproj", "{9C9DA7A3-513A-4BAE-A1E4-D500BA577943}"
EndProject
Project("{FAE04EC0-301F-11D3-BF4B-00C04F79EFBC}") = "MicroRabbit.Banking.Data", "MicroRabbit.Banking.Data\MicroRabbit.Banking.Data.csproj", "{1B2BA600-DEE1-4386-ACEE-76DBAA7DAFDB}"
EndProject
Project("{FAE04EC0-301F-11D3-BF4B-00C04F79EFBC}") = "MicroRabbit.Banking.Domain", "MicroRabbit.Banking.Domain\MicroRabbit.Banking.Domain.csproj", "{5217F7F1-BD77-4A60-8412-9496282810FC}"
EndProject
Global
	GlobalSection(SolutionConfigurationPlatforms) = preSolution
		Debug|Any CPU = Debug|Any CPU
		Release|Any CPU = Release|Any CPU
	EndGlobalSection
	GlobalSection(ProjectConfigurationPlatforms) = postSolution
		{A2094CE5-ED7C-4134-9F99-286E519A3F27}.Debug|Any CPU.ActiveCfg = Debug|Any CPU
		{A2094CE5-ED7C-4134-9F99-286E519A3F27}.Debug|Any CPU.Build.0 = Debug|Any CPU
		{A2094CE5-ED7C-4134-9F99-286E519A3F27}.Release|Any CPU.ActiveCfg = Release|Any CPU
		{A2094CE5-ED7C-4134-9F99-286E519A3F27}.Release|Any CPU.Build.0 = Release|Any CPU
		{CCF30CF2-C987-4A8D-A1BC-B403D34EA289}.Debug|Any CPU.ActiveCfg = Debug|Any CPU
		{CCF30CF2-C987-4A8D-A1BC-B403D34EA289}.Debug|Any CPU.Build.0 = Debug|Any CPU
		{CCF30CF2-C987-4A8D-A1BC-B403D34EA289}.Release|Any CPU.ActiveCfg = Release|Any CPU
		{CCF30CF2-C987-4A8D-A1BC-B403D34EA289}.Release|Any CPU.Build.0 = Release|Any CPU
		{05BA325F-956D-4A54-8482-80A0A82D51DB}.Debug|Any CPU.ActiveCfg = Debug|Any CPU
		{05BA325F-956D-4A54-8482-80A0A82D51DB}.Debug|Any CPU.Build.0 = Debug|Any CPU
		{05BA325F-956D-4A54-8482-80A0A82D51DB}.Release|Any CPU.ActiveCfg = Release|Any CPU
		{05BA325F-956D-4A54-8482-80A0A82D51DB}.Release|Any CPU.Build.0 = Release|Any CPU
		{115BE77D-1E3F-4E02-8F0C-6A3BD020081C}.Debug|Any CPU.ActiveCfg = Debug|Any CPU
		{115BE77D-1E3F-4E02-8F0C-6A3BD020081C}.Debug|Any CPU.Build.0 = Debug|Any CPU
		{115BE77D-1E3F-4E02-8F0C-6A3BD020081C}.Release|Any CPU.ActiveCfg = Release|Any CPU
		{115BE77D-1E3F-4E02-8F0C-6A3BD020081C}.Release|Any CPU.Build.0 = Release|Any CPU
		{9C9DA7A3-513A-4BAE-A1E4-D500BA577943}.Debug|Any CPU.ActiveCfg = Debug|Any CPU
		{9C9DA7A3-513A-4BAE-A1E4-D500BA577943}.Debug|Any CPU.Build.0 = Debug|Any CPU
		{9C9DA7A3-513A-4BAE-A1E4-D500BA577943}.Release|Any CPU.ActiveCfg = Release|Any CPU
		{9C9DA7A3-513A-4BAE-A1E4-D500BA577943}.Release|Any CPU.Build.0 = Release|Any CPU
		{1B2BA600-DEE1-4386-ACEE-76DBAA7DAFDB}.Debug|Any CPU.ActiveCfg = Debug|Any CPU
		{1B2BA600-DEE1-4386-ACEE-76DBAA7DAFDB}.Debug|Any CPU.Build.0 = Debug|Any CPU
		{1B2BA600-DEE1-4386-ACEE-76DBAA7DAFDB}.Release|Any CPU.ActiveCfg = Release|Any CPU
		{1B2BA600-DEE1-4386-ACEE-76DBAA7DAFDB}.Release|Any CPU.Build.0 = Release|Any CPU
		{5217F7F1-BD77-4A60-8412-9496282810FC}.Debug|Any CPU.ActiveCfg = Debug|Any CPU
		{5217F7F1-BD77-4A60-8412-9496282810FC}.Debug|Any CPU.Build.0 = Debug|Any CPU
		{5217F7F1-BD77-4A60-8412-9496282810FC}.Release|Any CPU.ActiveCfg = Release|Any CPU
		{5217F7F1-BD77-4A60-8412-9496282810FC}.Release|Any CPU.Build.0 = Release|Any CPU
	EndGlobalSection
	GlobalSection(SolutionProperties) = preSolution
		HideSolutionNode = FALSE
	EndGlobalSection
	GlobalSection(NestedProjects) = preSolution
		{A2094CE5-ED7C-4134-9F99-286E519A3F27} = {5A99F492-008A-4C21-904E-C653C2A5FDAB}
		{CCF30CF2-C987-4A8D-A1BC-B403D34EA289} = {3A51AFD4-8A30-42C5-AF46-D88D1D8D4628}
		{05BA325F-956D-4A54-8482-80A0A82D51DB} = {C64FEB9B-BC1F-4F25-9C15-1FE4EF6CF9F3}
		{4409A0DD-B885-407F-8E8B-81F2FC1033A3} = {6DD97692-FB1D-4D33-A4C8-9841535750EF}
		{B4EF1E52-DC9D-4049-BBD5-591471D27715} = {4409A0DD-B885-407F-8E8B-81F2FC1033A3}
		{958ECB49-54FB-4659-A33B-5CF3104E33DC} = {4409A0DD-B885-407F-8E8B-81F2FC1033A3}
		{D5AC26AF-F264-41E8-9765-71B5B0B9FDD5} = {4409A0DD-B885-407F-8E8B-81F2FC1033A3}
		{4CF9524C-C1C8-4322-B2B5-03F57EE82313} = {4409A0DD-B885-407F-8E8B-81F2FC1033A3}
		{115BE77D-1E3F-4E02-8F0C-6A3BD020081C} = {B4EF1E52-DC9D-4049-BBD5-591471D27715}
		{9C9DA7A3-513A-4BAE-A1E4-D500BA577943} = {D5AC26AF-F264-41E8-9765-71B5B0B9FDD5}
		{1B2BA600-DEE1-4386-ACEE-76DBAA7DAFDB} = {4CF9524C-C1C8-4322-B2B5-03F57EE82313}
		{5217F7F1-BD77-4A60-8412-9496282810FC} = {958ECB49-54FB-4659-A33B-5CF3104E33DC}
	EndGlobalSection
	GlobalSection(ExtensibilityGlobals) = postSolution
		SolutionGuid = {A96DEF0B-A45E-46F8-8181-6BE8589F110E}
	EndGlobalSection
EndGlobal
